
Microsoft Visual Studio Solution File, Format Version 12.00
# Visual Studio Version 16
VisualStudioVersion = 16.0.30114.105
MinimumVisualStudioVersion = 10.0.40219.1
Project("{FAE04EC0-301F-11D3-BF4B-00C04F79EFBC}") = "FinanceManager", "FinanceManager\FinanceManager.csproj", "{E0786DB1-7144-45F1-BF37-72795C458D81}"
EndProject
Project("{FAE04EC0-301F-11D3-BF4B-00C04F79EFBC}") = "FinanceManager.Lib", "FinanceManager.Lib\FinanceManager.Lib.csproj", "{26B2DA1C-14AE-44E7-94A4-0D0230D62749}"
EndProject
Project("{FAE04EC0-301F-11D3-BF4B-00C04F79EFBC}") = "FinanceManager.Tests", "FinanceManager.Tests\FinanceManager.Tests.csproj", "{7D7D5B9B-4E1B-4D54-9E80-29385BFC634B}"
EndProject
Global
	GlobalSection(SolutionConfigurationPlatforms) = preSolution
		Debug|Any CPU = Debug|Any CPU
		Release|Any CPU = Release|Any CPU
	EndGlobalSection
	GlobalSection(SolutionProperties) = preSolution
		HideSolutionNode = FALSE
	EndGlobalSection
	GlobalSection(ProjectConfigurationPlatforms) = postSolution
		{E0786DB1-7144-45F1-BF37-72795C458D81}.Debug|Any CPU.ActiveCfg = Debug|Any CPU
		{E0786DB1-7144-45F1-BF37-72795C458D81}.Debug|Any CPU.Build.0 = Debug|Any CPU
		{E0786DB1-7144-45F1-BF37-72795C458D81}.Release|Any CPU.ActiveCfg = Release|Any CPU
		{E0786DB1-7144-45F1-BF37-72795C458D81}.Release|Any CPU.Build.0 = Release|Any CPU
		{26B2DA1C-14AE-44E7-94A4-0D0230D62749}.Debug|Any CPU.ActiveCfg = Debug|Any CPU
		{26B2DA1C-14AE-44E7-94A4-0D0230D62749}.Debug|Any CPU.Build.0 = Debug|Any CPU
		{26B2DA1C-14AE-44E7-94A4-0D0230D62749}.Release|Any CPU.ActiveCfg = Release|Any CPU
		{26B2DA1C-14AE-44E7-94A4-0D0230D62749}.Release|Any CPU.Build.0 = Release|Any CPU
		{7D7D5B9B-4E1B-4D54-9E80-29385BFC634B}.Debug|Any CPU.ActiveCfg = Debug|Any CPU
		{7D7D5B9B-4E1B-4D54-9E80-29385BFC634B}.Debug|Any CPU.Build.0 = Debug|Any CPU
		{7D7D5B9B-4E1B-4D54-9E80-29385BFC634B}.Release|Any CPU.ActiveCfg = Release|Any CPU
		{7D7D5B9B-4E1B-4D54-9E80-29385BFC634B}.Release|Any CPU.Build.0 = Release|Any CPU
	EndGlobalSection
EndGlobal
